
Microsoft Visual Studio Solution File, Format Version 12.00
# Visual Studio Version 18
VisualStudioVersion = 18.3.11520.95
MinimumVisualStudioVersion = 10.0.40219.1
Project("{FAE04EC0-301F-11D3-BF4B-00C04F79EFBC}") = "TaskTrackerWebApp", "TaskTrackerWebApp\TaskTrackerWebApp.csproj", "{E4BB8CDD-058B-4CBE-84D0-0EAE4BF4E78E}"
EndProject
Project("{FAE04EC0-301F-11D3-BF4B-00C04F79EFBC}") = "Task.Core", "Task.Core\Task.Core.csproj", "{8BF79459-E98C-4581-82BE-5223B959B5D2}"
EndProject
Project("{FAE04EC0-301F-11D3-BF4B-00C04F79EFBC}") = "Task.DataAccess", "Task.DataAccess\Task.DataAccess.csproj", "{3FDBFC6F-96D4-467F-A2B4-C8B6CBD10DEA}"
EndProject
Project("{FAE04EC0-301F-11D3-BF4B-00C04F79EFBC}") = "Task.Application", "Task.Application\Task.Application.csproj", "{4EF4BFED-E52A-43DF-BDA9-DCDF4FFB6CC4}"
EndProject
Project("{FAE04EC0-301F-11D3-BF4B-00C04F79EFBC}") = "Task.Core.Shared", "Task.Core.Shared\Task.Core.Shared.csproj", "{8214890C-3A6F-4242-9016-79D6A32DBDF5}"
EndProject
Project("{2150E333-8FDC-42A3-9474-1A3956D46DE8}") = "Shared", "Shared", "{156B7FC1-8492-43CD-8474-4BF794BF374A}"
EndProject
Project("{FAE04EC0-301F-11D3-BF4B-00C04F79EFBC}") = "Task.EventBus", "Task.EventBus\Task.EventBus.csproj", "{D9FA3D89-679D-441E-8AE6-974011CC2577}"
EndProject
Project("{FAE04EC0-301F-11D3-BF4B-00C04F79EFBC}") = "Task.Application.Shared", "Task.Application.Shared\Task.Application.Shared.csproj", "{9DACBBDA-AC2D-4F84-B88A-5DA595E7DEB4}"
EndProject
Project("{2150E333-8FDC-42A3-9474-1A3956D46DE8}") = "Tasks", "Tasks", "{F62BA5E7-E0C4-414A-988F-DC4618851550}"
EndProject
Global
	GlobalSection(SolutionConfigurationPlatforms) = preSolution
		Debug|Any CPU = Debug|Any CPU
		Release|Any CPU = Release|Any CPU
	EndGlobalSection
	GlobalSection(ProjectConfigurationPlatforms) = postSolution
		{E4BB8CDD-058B-4CBE-84D0-0EAE4BF4E78E}.Debug|Any CPU.ActiveCfg = Debug|Any CPU
		{E4BB8CDD-058B-4CBE-84D0-0EAE4BF4E78E}.Debug|Any CPU.Build.0 = Debug|Any CPU
		{E4BB8CDD-058B-4CBE-84D0-0EAE4BF4E78E}.Release|Any CPU.ActiveCfg = Release|Any CPU
		{E4BB8CDD-058B-4CBE-84D0-0EAE4BF4E78E}.Release|Any CPU.Build.0 = Release|Any CPU
		{8BF79459-E98C-4581-82BE-5223B959B5D2}.Debug|Any CPU.ActiveCfg = Debug|Any CPU
		{8BF79459-E98C-4581-82BE-5223B959B5D2}.Debug|Any CPU.Build.0 = Debug|Any CPU
		{8BF79459-E98C-4581-82BE-5223B959B5D2}.Release|Any CPU.ActiveCfg = Release|Any CPU
		{8BF79459-E98C-4581-82BE-5223B959B5D2}.Release|Any CPU.Build.0 = Release|Any CPU
		{3FDBFC6F-96D4-467F-A2B4-C8B6CBD10DEA}.Debug|Any CPU.ActiveCfg = Debug|Any CPU
		{3FDBFC6F-96D4-467F-A2B4-C8B6CBD10DEA}.Debug|Any CPU.Build.0 = Debug|Any CPU
		{3FDBFC6F-96D4-467F-A2B4-C8B6CBD10DEA}.Release|Any CPU.ActiveCfg = Release|Any CPU
		{3FDBFC6F-96D4-467F-A2B4-C8B6CBD10DEA}.Release|Any CPU.Build.0 = Release|Any CPU
		{4EF4BFED-E52A-43DF-BDA9-DCDF4FFB6CC4}.Debug|Any CPU.ActiveCfg = Debug|Any CPU
		{4EF4BFED-E52A-43DF-BDA9-DCDF4FFB6CC4}.Debug|Any CPU.Build.0 = Debug|Any CPU
		{4EF4BFED-E52A-43DF-BDA9-DCDF4FFB6CC4}.Release|Any CPU.ActiveCfg = Release|Any CPU
		{4EF4BFED-E52A-43DF-BDA9-DCDF4FFB6CC4}.Release|Any CPU.Build.0 = Release|Any CPU
		{8214890C-3A6F-4242-9016-79D6A32DBDF5}.Debug|Any CPU.ActiveCfg = Debug|Any CPU
		{8214890C-3A6F-4242-9016-79D6A32DBDF5}.Debug|Any CPU.Build.0 = Debug|Any CPU
		{8214890C-3A6F-4242-9016-79D6A32DBDF5}.Release|Any CPU.ActiveCfg = Release|Any CPU
		{8214890C-3A6F-4242-9016-79D6A32DBDF5}.Release|Any CPU.Build.0 = Release|Any CPU
		{D9FA3D89-679D-441E-8AE6-974011CC2577}.Debug|Any CPU.ActiveCfg = Debug|Any CPU
		{D9FA3D89-679D-441E-8AE6-974011CC2577}.Debug|Any CPU.Build.0 = Debug|Any CPU
		{D9FA3D89-679D-441E-8AE6-974011CC2577}.Release|Any CPU.ActiveCfg = Release|Any CPU
		{D9FA3D89-679D-441E-8AE6-974011CC2577}.Release|Any CPU.Build.0 = Release|Any CPU
		{9DACBBDA-AC2D-4F84-B88A-5DA595E7DEB4}.Debug|Any CPU.ActiveCfg = Debug|Any CPU
		{9DACBBDA-AC2D-4F84-B88A-5DA595E7DEB4}.Debug|Any CPU.Build.0 = Debug|Any CPU
		{9DACBBDA-AC2D-4F84-B88A-5DA595E7DEB4}.Release|Any CPU.ActiveCfg = Release|Any CPU
		{9DACBBDA-AC2D-4F84-B88A-5DA595E7DEB4}.Release|Any CPU.Build.0 = Release|Any CPU
	EndGlobalSection
	GlobalSection(SolutionProperties) = preSolution
		HideSolutionNode = FALSE
	EndGlobalSection
	GlobalSection(NestedProjects) = preSolution
		{E4BB8CDD-058B-4CBE-84D0-0EAE4BF4E78E} = {F62BA5E7-E0C4-414A-988F-DC4618851550}
		{8BF79459-E98C-4581-82BE-5223B959B5D2} = {F62BA5E7-E0C4-414A-988F-DC4618851550}
		{3FDBFC6F-96D4-467F-A2B4-C8B6CBD10DEA} = {F62BA5E7-E0C4-414A-988F-DC4618851550}
		{4EF4BFED-E52A-43DF-BDA9-DCDF4FFB6CC4} = {F62BA5E7-E0C4-414A-988F-DC4618851550}
		{8214890C-3A6F-4242-9016-79D6A32DBDF5} = {156B7FC1-8492-43CD-8474-4BF794BF374A}
		{D9FA3D89-679D-441E-8AE6-974011CC2577} = {156B7FC1-8492-43CD-8474-4BF794BF374A}
		{9DACBBDA-AC2D-4F84-B88A-5DA595E7DEB4} = {156B7FC1-8492-43CD-8474-4BF794BF374A}
	EndGlobalSection
	GlobalSection(ExtensibilityGlobals) = postSolution
		SolutionGuid = {FF3EE3D3-5191-4310-B710-8A17E42F135A}
	EndGlobalSection
EndGlobal
